
Microsoft Visual Studio Solution File, Format Version 12.00
# Visual Studio Version 16
VisualStudioVersion = 16.0.30621.155
MinimumVisualStudioVersion = 10.0.40219.1
Project("{FAE04EC0-301F-11D3-BF4B-00C04F79EFBC}") = "eShopSolution.WebApp", "eShopSolution.WebApp\eShopSolution.WebApp.csproj", "{60DEFCA7-0364-4CFA-9FBF-FF2B5BCF7BF9}"
EndProject
Global
	GlobalSection(SolutionConfigurationPlatforms) = preSolution
		Debug|Any CPU = Debug|Any CPU
		Release|Any CPU = Release|Any CPU
	EndGlobalSection
	GlobalSection(ProjectConfigurationPlatforms) = postSolution
		{60DEFCA7-0364-4CFA-9FBF-FF2B5BCF7BF9}.Debug|Any CPU.ActiveCfg = Debug|Any CPU
		{60DEFCA7-0364-4CFA-9FBF-FF2B5BCF7BF9}.Debug|Any CPU.Build.0 = Debug|Any CPU
		{60DEFCA7-0364-4CFA-9FBF-FF2B5BCF7BF9}.Release|Any CPU.ActiveCfg = Release|Any CPU
		{60DEFCA7-0364-4CFA-9FBF-FF2B5BCF7BF9}.Release|Any CPU.Build.0 = Release|Any CPU
	EndGlobalSection
	GlobalSection(SolutionProperties) = preSolution
		HideSolutionNode = FALSE
	EndGlobalSection
	GlobalSection(ExtensibilityGlobals) = postSolution
		SolutionGuid = {36FF7AF8-04A1-4FF1-8ADB-F437974E01DD}
	EndGlobalSection
EndGlobal
